# This file is @generated by PDM.
# It is not intended for manual editing.

[metadata]
groups = ["default"]
strategy = ["cross_platform", "inherit_metadata"]
lock_version = "4.4.1"
content_hash = "sha256:a5e08fc2bec02abbee6c1942a3a6db13b498aa80115290de0df5224f39769b39"

[[package]]
name = "appdirs"
version = "1.4.4"
summary = "A small Python module for determining appropriate platform-specific dirs, e.g. a \"user data dir\"."
groups = ["default"]
files = [
    {file = "appdirs-1.4.4-py2.py3-none-any.whl", hash = "sha256:a841dacd6b99318a741b166adb07e19ee71a274450e68237b4650ca1055ab128"},
    {file = "appdirs-1.4.4.tar.gz", hash = "sha256:7d5d0167b2b1ba821647616af46a749d1c653740dd0d2415100fe26e27afdf41"},
]

[[package]]
name = "attrs"
version = "23.2.0"
requires_python = ">=3.7"
summary = "Classes Without Boilerplate"
groups = ["default"]
files = [
    {file = "attrs-23.2.0-py3-none-any.whl", hash = "sha256:99b87a485a5820b23b879f04c2305b44b951b502fd64be915879d77a7e8fc6f1"},
    {file = "attrs-23.2.0.tar.gz", hash = "sha256:935dc3b529c262f6cf76e50877d35a4bd3c1de194fd41f47a2b7ae8f19971f30"},
]

[[package]]
name = "booleanoperations"
version = "0.9.0"
requires_python = ">=3.6"
summary = "Boolean operations on paths."
groups = ["default"]
dependencies = [
    "fonttools>=4.0.2",
    "pyclipper>=1.1.0.post1",
]
files = [
    {file = "booleanOperations-0.9.0-py3-none-any.whl", hash = "sha256:86c291c2fba9faedff6f007c932d7f242dd9b4304e9c6ca8149f864d07877a59"},
    {file = "booleanOperations-0.9.0.zip", hash = "sha256:8cfa821c32ad374fa120d6b2e0b444ebeac57c91e6631528645fa19ac2a281b8"},
]

[[package]]
name = "certifi"
version = "2024.6.2"
requires_python = ">=3.6"
summary = "Python package for providing Mozilla's CA Bundle."
groups = ["default"]
files = [
    {file = "certifi-2024.6.2-py3-none-any.whl", hash = "sha256:ddc6c8ce995e6987e7faf5e3f1b02b302836a0e5d98ece18392cb1a36c72ad56"},
    {file = "certifi-2024.6.2.tar.gz", hash = "sha256:3cd43f1c6fa7dedc5899d69d3ad0398fd018ad1a17fba83ddaf78aa46c747516"},
]

[[package]]
name = "cffsubr"
version = "0.3.0"
requires_python = ">=3.7"
summary = "Standalone CFF subroutinizer based on the AFDKO tx tool"
groups = ["default"]
dependencies = [
    "fontTools>=4.10.2",
]
files = [
    {file = "cffsubr-0.3.0-py3-none-macosx_10_9_universal2.whl", hash = "sha256:7a961d46faef6f35a965d088eb9f1d09c1ad069b4c838cc7ec61550352a539d9"},
    {file = "cffsubr-0.3.0-py3-none-manylinux_2_17_x86_64.manylinux2014_x86_64.whl", hash = "sha256:2a0cec38325cf77005605031b65b21afee7192db71996736932274abadcdccfe"},
    {file = "cffsubr-0.3.0-py3-none-win32.whl", hash = "sha256:eb1fcde72824d947a2ef2525c21817620adbaac1ae33676c66b65aa60d669a4b"},
    {file = "cffsubr-0.3.0-py3-none-win_amd64.whl", hash = "sha256:c000336bbdd81a7814806f502cd255cfdfd7c10bcec8cb51fe60e0f1f2d9f62e"},
    {file = "cffsubr-0.3.0.tar.gz", hash = "sha256:7745150bdb81679facdd11c1f3b87096c4f4dbd4957e8fcebb88c45687952efb"},
]

[[package]]
name = "charset-normalizer"
version = "3.3.2"
requires_python = ">=3.7.0"
summary = "The Real First Universal Charset Detector. Open, modern and actively maintained alternative to Chardet."
groups = ["default"]
files = [
    {file = "charset-normalizer-3.3.2.tar.gz", hash = "sha256:f30c3cb33b24454a82faecaf01b19c18562b1e89558fb6c56de4d9118a032fd5"},
    {file = "charset_normalizer-3.3.2-cp310-cp310-macosx_10_9_universal2.whl", hash = "sha256:25baf083bf6f6b341f4121c2f3c548875ee6f5339300e08be3f2b2ba1721cdd3"},
    {file = "charset_normalizer-3.3.2-cp310-cp310-macosx_10_9_x86_64.whl", hash = "sha256:06435b539f889b1f6f4ac1758871aae42dc3a8c0e24ac9e60c2384973ad73027"},
    {file = "charset_normalizer-3.3.2-cp310-cp310-macosx_11_0_arm64.whl", hash = "sha256:9063e24fdb1e498ab71cb7419e24622516c4a04476b17a2dab57e8baa30d6e03"},
    {file = "charset_normalizer-3.3.2-cp310-cp310-manylinux_2_17_aarch64.manylinux2014_aarch64.whl", hash = "sha256:6897af51655e3691ff853668779c7bad41579facacf5fd7253b0133308cf000d"},
    {file = "charset_normalizer-3.3.2-cp310-cp310-manylinux_2_17_ppc64le.manylinux2014_ppc64le.whl", hash = "sha256:1d3193f4a680c64b4b6a9115943538edb896edc190f0b222e73761716519268e"},
    {file = "charset_normalizer-3.3.2-cp310-cp310-manylinux_2_17_s390x.manylinux2014_s390x.whl", hash = "sha256:cd70574b12bb8a4d2aaa0094515df2463cb429d8536cfb6c7ce983246983e5a6"},
    {file = "charset_normalizer-3.3.2-cp310-cp310-manylinux_2_17_x86_64.manylinux2014_x86_64.whl", hash = "sha256:8465322196c8b4d7ab6d1e049e4c5cb460d0394da4a27d23cc242fbf0034b6b5"},
    {file = "charset_normalizer-3.3.2-cp310-cp310-manylinux_2_5_i686.manylinux1_i686.manylinux_2_17_i686.manylinux2014_i686.whl", hash = "sha256:a9a8e9031d613fd2009c182b69c7b2c1ef8239a0efb1df3f7c8da66d5dd3d537"},
    {file = "charset_normalizer-3.3.2-cp310-cp310-musllinux_1_1_aarch64.whl", hash = "sha256:beb58fe5cdb101e3a055192ac291b7a21e3b7ef4f67fa1d74e331a7f2124341c"},
    {file = "charset_normalizer-3.3.2-cp310-cp310-musllinux_1_1_i686.whl", hash = "sha256:e06ed3eb3218bc64786f7db41917d4e686cc4856944f53d5bdf83a6884432e12"},
    {file = "charset_normalizer-3.3.2-cp310-cp310-musllinux_1_1_ppc64le.whl", hash = "sha256:2e81c7b9c8979ce92ed306c249d46894776a909505d8f5a4ba55b14206e3222f"},
    {file = "charset_normalizer-3.3.2-cp310-cp310-musllinux_1_1_s390x.whl", hash = "sha256:572c3763a264ba47b3cf708a44ce965d98555f618ca42c926a9c1616d8f34269"},
    {file = "charset_normalizer-3.3.2-cp310-cp310-musllinux_1_1_x86_64.whl", hash = "sha256:fd1abc0d89e30cc4e02e4064dc67fcc51bd941eb395c502aac3ec19fab46b519"},
    {file = "charset_normalizer-3.3.2-cp310-cp310-win32.whl", hash = "sha256:3d47fa203a7bd9c5b6cee4736ee84ca03b8ef23193c0d1ca99b5089f72645c73"},
    {file = "charset_normalizer-3.3.2-cp310-cp310-win_amd64.whl", hash = "sha256:10955842570876604d404661fbccbc9c7e684caf432c09c715ec38fbae45ae09"},
    {file = "charset_normalizer-3.3.2-py3-none-any.whl", hash = "sha256:3e4d1f6587322d2788836a99c69062fbb091331ec940e02d12d179c1d53e25fc"},
]

[[package]]
name = "defcon"
version = "0.10.3"
requires_python = ">=3.7"
summary = "A set of flexible objects for representing UFO data."
groups = ["default"]
dependencies = [
    "fonttools[ufo,unicode]>=4.10.0",
]
files = [
    {file = "defcon-0.10.3-py3-none-any.whl", hash = "sha256:74973bd61653477e3b7ff7786ee91dac591ab6a630494d788e6640f60004fff6"},
    {file = "defcon-0.10.3.zip", hash = "sha256:56de26d7c75f164eea03e28bc11b4c769c68d705fa186dfcaeb56c27f9a4cc0c"},
]

[[package]]
name = "fontmath"
version = "0.9.3"
requires_python = ">=3.7"
summary = "A set of objects for performing math operations on font data."
groups = ["default"]
dependencies = [
    "fonttools>=3.32.0",
]
files = [
    {file = "fontMath-0.9.3-py2.py3-none-any.whl", hash = "sha256:00a5503090bb072437109df6f33f263be39bf2c2079dd64cb9115cf26d20bf72"},
    {file = "fontMath-0.9.3.zip", hash = "sha256:6a5387cb7feb105958db2f5ceedc878513cc35bf3715e262090f0557be0c1b1c"},
]

[[package]]
name = "fonttools"
version = "4.53.0"
requires_python = ">=3.8"
summary = "Tools to manipulate font files"
groups = ["default"]
files = [
    {file = "fonttools-4.53.0-cp310-cp310-macosx_10_9_universal2.whl", hash = "sha256:52a6e0a7a0bf611c19bc8ec8f7592bdae79c8296c70eb05917fd831354699b20"},
    {file = "fonttools-4.53.0-cp310-cp310-macosx_11_0_arm64.whl", hash = "sha256:099634631b9dd271d4a835d2b2a9e042ccc94ecdf7e2dd9f7f34f7daf333358d"},
    {file = "fonttools-4.53.0-cp310-cp310-manylinux_2_17_aarch64.manylinux2014_aarch64.whl", hash = "sha256:e40013572bfb843d6794a3ce076c29ef4efd15937ab833f520117f8eccc84fd6"},
    {file = "fonttools-4.53.0-cp310-cp310-manylinux_2_17_x86_64.manylinux2014_x86_64.whl", hash = "sha256:715b41c3e231f7334cbe79dfc698213dcb7211520ec7a3bc2ba20c8515e8a3b5"},
    {file = "fonttools-4.53.0-cp310-cp310-musllinux_1_2_aarch64.whl", hash = "sha256:74ae2441731a05b44d5988d3ac2cf784d3ee0a535dbed257cbfff4be8bb49eb9"},
    {file = "fonttools-4.53.0-cp310-cp310-musllinux_1_2_x86_64.whl", hash = "sha256:95db0c6581a54b47c30860d013977b8a14febc206c8b5ff562f9fe32738a8aca"},
    {file = "fonttools-4.53.0-cp310-cp310-win32.whl", hash = "sha256:9cd7a6beec6495d1dffb1033d50a3f82dfece23e9eb3c20cd3c2444d27514068"},
    {file = "fonttools-4.53.0-cp310-cp310-win_amd64.whl", hash = "sha256:daaef7390e632283051e3cf3e16aff2b68b247e99aea916f64e578c0449c9c68"},
    {file = "fonttools-4.53.0-py3-none-any.whl", hash = "sha256:6b4f04b1fbc01a3569d63359f2227c89ab294550de277fd09d8fca6185669fa4"},
    {file = "fonttools-4.53.0.tar.gz", hash = "sha256:c93ed66d32de1559b6fc348838c7572d5c0ac1e4a258e76763a5caddd8944002"},
]

[[package]]
name = "fonttools"
version = "4.53.0"
extras = ["lxml"]
requires_python = ">=3.8"
summary = "Tools to manipulate font files"
groups = ["default"]
dependencies = [
    "fonttools==4.53.0",
    "lxml>=4.0",
]
files = [
    {file = "fonttools-4.53.0-cp310-cp310-macosx_10_9_universal2.whl", hash = "sha256:52a6e0a7a0bf611c19bc8ec8f7592bdae79c8296c70eb05917fd831354699b20"},
    {file = "fonttools-4.53.0-cp310-cp310-macosx_11_0_arm64.whl", hash = "sha256:099634631b9dd271d4a835d2b2a9e042ccc94ecdf7e2dd9f7f34f7daf333358d"},
    {file = "fonttools-4.53.0-cp310-cp310-manylinux_2_17_aarch64.manylinux2014_aarch64.whl", hash = "sha256:e40013572bfb843d6794a3ce076c29ef4efd15937ab833f520117f8eccc84fd6"},
    {file = "fonttools-4.53.0-cp310-cp310-manylinux_2_17_x86_64.manylinux2014_x86_64.whl", hash = "sha256:715b41c3e231f7334cbe79dfc698213dcb7211520ec7a3bc2ba20c8515e8a3b5"},
    {file = "fonttools-4.53.0-cp310-cp310-musllinux_1_2_aarch64.whl", hash = "sha256:74ae2441731a05b44d5988d3ac2cf784d3ee0a535dbed257cbfff4be8bb49eb9"},
    {file = "fonttools-4.53.0-cp310-cp310-musllinux_1_2_x86_64.whl", hash = "sha256:95db0c6581a54b47c30860d013977b8a14febc206c8b5ff562f9fe32738a8aca"},
    {file = "fonttools-4.53.0-cp310-cp310-win32.whl", hash = "sha256:9cd7a6beec6495d1dffb1033d50a3f82dfece23e9eb3c20cd3c2444d27514068"},
    {file = "fonttools-4.53.0-cp310-cp310-win_amd64.whl", hash = "sha256:daaef7390e632283051e3cf3e16aff2b68b247e99aea916f64e578c0449c9c68"},
    {file = "fonttools-4.53.0-py3-none-any.whl", hash = "sha256:6b4f04b1fbc01a3569d63359f2227c89ab294550de277fd09d8fca6185669fa4"},
    {file = "fonttools-4.53.0.tar.gz", hash = "sha256:c93ed66d32de1559b6fc348838c7572d5c0ac1e4a258e76763a5caddd8944002"},
]

[[package]]
name = "fonttools"
version = "4.53.0"
extras = ["ufo", "unicode"]
requires_python = ">=3.8"
summary = "Tools to manipulate font files"
groups = ["default"]
dependencies = [
    "fonttools==4.53.0",
    "fs<3,>=2.2.0",
    "unicodedata2>=15.1.0; python_version <= \"3.12\"",
]
files = [
    {file = "fonttools-4.53.0-cp310-cp310-macosx_10_9_universal2.whl", hash = "sha256:52a6e0a7a0bf611c19bc8ec8f7592bdae79c8296c70eb05917fd831354699b20"},
    {file = "fonttools-4.53.0-cp310-cp310-macosx_11_0_arm64.whl", hash = "sha256:099634631b9dd271d4a835d2b2a9e042ccc94ecdf7e2dd9f7f34f7daf333358d"},
    {file = "fonttools-4.53.0-cp310-cp310-manylinux_2_17_aarch64.manylinux2014_aarch64.whl", hash = "sha256:e40013572bfb843d6794a3ce076c29ef4efd15937ab833f520117f8eccc84fd6"},
    {file = "fonttools-4.53.0-cp310-cp310-manylinux_2_17_x86_64.manylinux2014_x86_64.whl", hash = "sha256:715b41c3e231f7334cbe79dfc698213dcb7211520ec7a3bc2ba20c8515e8a3b5"},
    {file = "fonttools-4.53.0-cp310-cp310-musllinux_1_2_aarch64.whl", hash = "sha256:74ae2441731a05b44d5988d3ac2cf784d3ee0a535dbed257cbfff4be8bb49eb9"},
    {file = "fonttools-4.53.0-cp310-cp310-musllinux_1_2_x86_64.whl", hash = "sha256:95db0c6581a54b47c30860d013977b8a14febc206c8b5ff562f9fe32738a8aca"},
    {file = "fonttools-4.53.0-cp310-cp310-win32.whl", hash = "sha256:9cd7a6beec6495d1dffb1033d50a3f82dfece23e9eb3c20cd3c2444d27514068"},
    {file = "fonttools-4.53.0-cp310-cp310-win_amd64.whl", hash = "sha256:daaef7390e632283051e3cf3e16aff2b68b247e99aea916f64e578c0449c9c68"},
    {file = "fonttools-4.53.0-py3-none-any.whl", hash = "sha256:6b4f04b1fbc01a3569d63359f2227c89ab294550de277fd09d8fca6185669fa4"},
    {file = "fonttools-4.53.0.tar.gz", hash = "sha256:c93ed66d32de1559b6fc348838c7572d5c0ac1e4a258e76763a5caddd8944002"},
]

[[package]]
name = "fonttools"
version = "4.53.0"
extras = ["ufo"]
requires_python = ">=3.8"
summary = "Tools to manipulate font files"
groups = ["default"]
dependencies = [
    "fonttools==4.53.0",
    "fs<3,>=2.2.0",
]
files = [
    {file = "fonttools-4.53.0-cp310-cp310-macosx_10_9_universal2.whl", hash = "sha256:52a6e0a7a0bf611c19bc8ec8f7592bdae79c8296c70eb05917fd831354699b20"},
    {file = "fonttools-4.53.0-cp310-cp310-macosx_11_0_arm64.whl", hash = "sha256:099634631b9dd271d4a835d2b2a9e042ccc94ecdf7e2dd9f7f34f7daf333358d"},
    {file = "fonttools-4.53.0-cp310-cp310-manylinux_2_17_aarch64.manylinux2014_aarch64.whl", hash = "sha256:e40013572bfb843d6794a3ce076c29ef4efd15937ab833f520117f8eccc84fd6"},
    {file = "fonttools-4.53.0-cp310-cp310-manylinux_2_17_x86_64.manylinux2014_x86_64.whl", hash = "sha256:715b41c3e231f7334cbe79dfc698213dcb7211520ec7a3bc2ba20c8515e8a3b5"},
    {file = "fonttools-4.53.0-cp310-cp310-musllinux_1_2_aarch64.whl", hash = "sha256:74ae2441731a05b44d5988d3ac2cf784d3ee0a535dbed257cbfff4be8bb49eb9"},
    {file = "fonttools-4.53.0-cp310-cp310-musllinux_1_2_x86_64.whl", hash = "sha256:95db0c6581a54b47c30860d013977b8a14febc206c8b5ff562f9fe32738a8aca"},
    {file = "fonttools-4.53.0-cp310-cp310-win32.whl", hash = "sha256:9cd7a6beec6495d1dffb1033d50a3f82dfece23e9eb3c20cd3c2444d27514068"},
    {file = "fonttools-4.53.0-cp310-cp310-win_amd64.whl", hash = "sha256:daaef7390e632283051e3cf3e16aff2b68b247e99aea916f64e578c0449c9c68"},
    {file = "fonttools-4.53.0-py3-none-any.whl", hash = "sha256:6b4f04b1fbc01a3569d63359f2227c89ab294550de277fd09d8fca6185669fa4"},
    {file = "fonttools-4.53.0.tar.gz", hash = "sha256:c93ed66d32de1559b6fc348838c7572d5c0ac1e4a258e76763a5caddd8944002"},
]

[[package]]
name = "fs"
version = "2.4.16"
summary = "Python's filesystem abstraction layer"
groups = ["default"]
dependencies = [
    "appdirs~=1.4.3",
    "setuptools",
    "six~=1.10",
]
files = [
    {file = "fs-2.4.16-py2.py3-none-any.whl", hash = "sha256:660064febbccda264ae0b6bace80a8d1be9e089e0a5eb2427b7d517f9a91545c"},
    {file = "fs-2.4.16.tar.gz", hash = "sha256:ae97c7d51213f4b70b6a958292530289090de3a7e15841e108fbe144f069d313"},
]

[[package]]
name = "gflanguages"
version = "0.6.1"
summary = "A python API for evaluating language support in the Google Fonts collection."
groups = ["default"]
dependencies = [
    "protobuf<4,>=3.7.0",
]
files = [
    {file = "gflanguages-0.6.1-py3-none-any.whl", hash = "sha256:4b80f11b0f6394ca112d5185f6f0d88ef8064e7bb18a4cb2bd5c3604be7cddf5"},
    {file = "gflanguages-0.6.1.tar.gz", hash = "sha256:9a544dceb020784b75fd56d0117588c420fd36450b30e9e416c00b3b91fed526"},
]

[[package]]
name = "glyphsets"
version = "0.6.18"
requires_python = ">=3.7"
summary = "A python API for evaluating coverage of glyph sets in font projects."
groups = ["default"]
dependencies = [
    "FontTools[ufo]",
    "defcon",
    "gflanguages>=0.5.16",
    "glyphsLib",
    "pyyaml",
    "requests",
    "setuptools",
    "unicodedata2",
]
files = [
    {file = "glyphsets-0.6.18-py3-none-any.whl", hash = "sha256:c6bdce528596488ff2d0768256220b97ec375bc718520235c220db2fde9cf07d"},
    {file = "glyphsets-0.6.18.tar.gz", hash = "sha256:4b2e26dfc4bb9005a7ed0ce89840f1f72d134d08979d8109f862f6bd38282b4b"},
]

[[package]]
name = "glyphslib"
version = "6.7.1"
requires_python = ">=3.8"
summary = "A bridge from Glyphs source files (.glyphs) to UFOs"
groups = ["default"]
dependencies = [
    "fonttools[ufo,unicode]>=4.38.0",
    "openstep-plist>=0.3.0",
    "ufoLib2>=0.6.2",
]
files = [
    {file = "glyphsLib-6.7.1-py3-none-any.whl", hash = "sha256:ec612285c7ea623dff7554c8afe370fd80eaea0d5d7e0d8203154db28b0920fd"},
    {file = "glyphslib-6.7.1.tar.gz", hash = "sha256:bc7f3edd11096e445c5d3dc9583a7ef423051bb5ab65126e927fdc26e41c4ed4"},
]

[[package]]
name = "idna"
version = "3.7"
requires_python = ">=3.5"
summary = "Internationalized Domain Names in Applications (IDNA)"
groups = ["default"]
files = [
    {file = "idna-3.7-py3-none-any.whl", hash = "sha256:82fee1fc78add43492d3a1898bfa6d8a904cc97d8427f683ed8e798d07761aa0"},
    {file = "idna-3.7.tar.gz", hash = "sha256:028ff3aadf0609c1fd278d8ea3089299412a7a8b9bd005dd08b9f8285bcb5cfc"},
]

[[package]]
name = "lxml"
version = "5.2.2"
requires_python = ">=3.6"
summary = "Powerful and Pythonic XML processing library combining libxml2/libxslt with the ElementTree API."
groups = ["default"]
files = [
    {file = "lxml-5.2.2-cp310-cp310-macosx_10_9_universal2.whl", hash = "sha256:364d03207f3e603922d0d3932ef363d55bbf48e3647395765f9bfcbdf6d23632"},
    {file = "lxml-5.2.2-cp310-cp310-macosx_10_9_x86_64.whl", hash = "sha256:50127c186f191b8917ea2fb8b206fbebe87fd414a6084d15568c27d0a21d60db"},
    {file = "lxml-5.2.2-cp310-cp310-manylinux_2_12_i686.manylinux2010_i686.manylinux_2_17_i686.manylinux2014_i686.whl", hash = "sha256:74e4f025ef3db1c6da4460dd27c118d8cd136d0391da4e387a15e48e5c975147"},
    {file = "lxml-5.2.2-cp310-cp310-manylinux_2_17_aarch64.manylinux2014_aarch64.whl", hash = "sha256:981a06a3076997adf7c743dcd0d7a0415582661e2517c7d961493572e909aa1d"},
    {file = "lxml-5.2.2-cp310-cp310-manylinux_2_17_ppc64le.manylinux2014_ppc64le.whl", hash = "sha256:aef5474d913d3b05e613906ba4090433c515e13ea49c837aca18bde190853dff"},
    {file = "lxml-5.2.2-cp310-cp310-manylinux_2_17_s390x.manylinux2014_s390x.whl", hash = "sha256:1e275ea572389e41e8b039ac076a46cb87ee6b8542df3fff26f5baab43713bca"},
    {file = "lxml-5.2.2-cp310-cp310-manylinux_2_17_x86_64.manylinux2014_x86_64.whl", hash = "sha256:f5b65529bb2f21ac7861a0e94fdbf5dc0daab41497d18223b46ee8515e5ad297"},
    {file = "lxml-5.2.2-cp310-cp310-manylinux_2_28_aarch64.whl", hash = "sha256:bcc98f911f10278d1daf14b87d65325851a1d29153caaf146877ec37031d5f36"},
    {file = "lxml-5.2.2-cp310-cp310-manylinux_2_28_ppc64le.whl", hash = "sha256:b47633251727c8fe279f34025844b3b3a3e40cd1b198356d003aa146258d13a2"},
    {file = "lxml-5.2.2-cp310-cp310-manylinux_2_28_s390x.whl", hash = "sha256:fbc9d316552f9ef7bba39f4edfad4a734d3d6f93341232a9dddadec4f15d425f"},
    {file = "lxml-5.2.2-cp310-cp310-manylinux_2_28_x86_64.whl", hash = "sha256:13e69be35391ce72712184f69000cda04fc89689429179bc4c0ae5f0b7a8c21b"},
    {file = "lxml-5.2.2-cp310-cp310-musllinux_1_1_aarch64.whl", hash = "sha256:3b6a30a9ab040b3f545b697cb3adbf3696c05a3a68aad172e3fd7ca73ab3c835"},
    {file = "lxml-5.2.2-cp310-cp310-musllinux_1_1_ppc64le.whl", hash = "sha256:a233bb68625a85126ac9f1fc66d24337d6e8a0f9207b688eec2e7c880f012ec0"},
    {file = "lxml-5.2.2-cp310-cp310-musllinux_1_1_s390x.whl", hash = "sha256:dfa7c241073d8f2b8e8dbc7803c434f57dbb83ae2a3d7892dd068d99e96efe2c"},
    {file = "lxml-5.2.2-cp310-cp310-musllinux_1_1_x86_64.whl", hash = "sha256:1a7aca7964ac4bb07680d5c9d63b9d7028cace3e2d43175cb50bba8c5ad33316"},
    {file = "lxml-5.2.2-cp310-cp310-musllinux_1_2_aarch64.whl", hash = "sha256:ae4073a60ab98529ab8a72ebf429f2a8cc612619a8c04e08bed27450d52103c0"},
    {file = "lxml-5.2.2-cp310-cp310-musllinux_1_2_ppc64le.whl", hash = "sha256:ffb2be176fed4457e445fe540617f0252a72a8bc56208fd65a690fdb1f57660b"},
    {file = "lxml-5.2.2-cp310-cp310-musllinux_1_2_s390x.whl", hash = "sha256:e290d79a4107d7d794634ce3e985b9ae4f920380a813717adf61804904dc4393"},
    {file = "lxml-5.2.2-cp310-cp310-musllinux_1_2_x86_64.whl", hash = "sha256:96e85aa09274955bb6bd483eaf5b12abadade01010478154b0ec70284c1b1526"},
    {file = "lxml-5.2.2-cp310-cp310-win32.whl", hash = "sha256:f956196ef61369f1685d14dad80611488d8dc1ef00be57c0c5a03064005b0f30"},
    {file = "lxml-5.2.2-cp310-cp310-win_amd64.whl", hash = "sha256:875a3f90d7eb5c5d77e529080d95140eacb3c6d13ad5b616ee8095447b1d22e7"},
    {file = "lxml-5.2.2-pp310-pypy310_pp73-macosx_10_9_x86_64.whl", hash = "sha256:b537bd04d7ccd7c6350cdaaaad911f6312cbd61e6e6045542f781c7f8b2e99d2"},
    {file = "lxml-5.2.2-pp310-pypy310_pp73-manylinux_2_17_aarch64.manylinux2014_aarch64.whl", hash = "sha256:4820c02195d6dfb7b8508ff276752f6b2ff8b64ae5d13ebe02e7667e035000b9"},
    {file = "lxml-5.2.2-pp310-pypy310_pp73-manylinux_2_17_x86_64.manylinux2014_x86_64.whl", hash = "sha256:f2a09f6184f17a80897172863a655467da2b11151ec98ba8d7af89f17bf63dae"},
    {file = "lxml-5.2.2-pp310-pypy310_pp73-manylinux_2_28_aarch64.whl", hash = "sha256:76acba4c66c47d27c8365e7c10b3d8016a7da83d3191d053a58382311a8bf4e1"},
    {file = "lxml-5.2.2-pp310-pypy310_pp73-manylinux_2_28_x86_64.whl", hash = "sha256:b128092c927eaf485928cec0c28f6b8bead277e28acf56800e972aa2c2abd7a2"},
    {file = "lxml-5.2.2-pp310-pypy310_pp73-win_amd64.whl", hash = "sha256:ae791f6bd43305aade8c0e22f816b34f3b72b6c820477aab4d18473a37e8090b"},
    {file = "lxml-5.2.2-pp37-pypy37_pp73-macosx_10_9_x86_64.whl", hash = "sha256:a2f6a1bc2460e643785a2cde17293bd7a8f990884b822f7bca47bee0a82fc66b"},
    {file = "lxml-5.2.2-pp37-pypy37_pp73-manylinux_2_17_aarch64.manylinux2014_aarch64.whl", hash = "sha256:8e8d351ff44c1638cb6e980623d517abd9f580d2e53bfcd18d8941c052a5a009"},
    {file = "lxml-5.2.2-pp37-pypy37_pp73-manylinux_2_17_x86_64.manylinux2014_x86_64.whl", hash = "sha256:bec4bd9133420c5c52d562469c754f27c5c9e36ee06abc169612c959bd7dbb07"},
    {file = "lxml-5.2.2-pp37-pypy37_pp73-manylinux_2_28_aarch64.whl", hash = "sha256:55ce6b6d803890bd3cc89975fca9de1dff39729b43b73cb15ddd933b8bc20484"},
    {file = "lxml-5.2.2-pp37-pypy37_pp73-manylinux_2_28_x86_64.whl", hash = "sha256:8ab6a358d1286498d80fe67bd3d69fcbc7d1359b45b41e74c4a26964ca99c3f8"},
    {file = "lxml-5.2.2-pp37-pypy37_pp73-win_amd64.whl", hash = "sha256:06668e39e1f3c065349c51ac27ae430719d7806c026fec462e5693b08b95696b"},
    {file = "lxml-5.2.2-pp38-pypy38_pp73-macosx_10_9_x86_64.whl", hash = "sha256:9cd5323344d8ebb9fb5e96da5de5ad4ebab993bbf51674259dbe9d7a18049525"},
    {file = "lxml-5.2.2-pp38-pypy38_pp73-manylinux_2_17_aarch64.manylinux2014_aarch64.whl", hash = "sha256:89feb82ca055af0fe797a2323ec9043b26bc371365847dbe83c7fd2e2f181c34"},
    {file = "lxml-5.2.2-pp38-pypy38_pp73-manylinux_2_17_x86_64.manylinux2014_x86_64.whl", hash = "sha256:e481bba1e11ba585fb06db666bfc23dbe181dbafc7b25776156120bf12e0d5a6"},
    {file = "lxml-5.2.2-pp38-pypy38_pp73-manylinux_2_28_aarch64.whl", hash = "sha256:9d6c6ea6a11ca0ff9cd0390b885984ed31157c168565702959c25e2191674a14"},
    {file = "lxml-5.2.2-pp38-pypy38_pp73-manylinux_2_28_x86_64.whl", hash = "sha256:3d98de734abee23e61f6b8c2e08a88453ada7d6486dc7cdc82922a03968928db"},
    {file = "lxml-5.2.2-pp38-pypy38_pp73-win_amd64.whl", hash = "sha256:69ab77a1373f1e7563e0fb5a29a8440367dec051da6c7405333699d07444f511"},
    {file = "lxml-5.2.2-pp39-pypy39_pp73-macosx_10_9_x86_64.whl", hash = "sha256:34e17913c431f5ae01d8658dbf792fdc457073dcdfbb31dc0cc6ab256e664a8d"},
    {file = "lxml-5.2.2-pp39-pypy39_pp73-manylinux_2_17_aarch64.manylinux2014_aarch64.whl", hash = "sha256:05f8757b03208c3f50097761be2dea0aba02e94f0dc7023ed73a7bb14ff11eb0"},
    {file = "lxml-5.2.2-pp39-pypy39_pp73-manylinux_2_17_x86_64.manylinux2014_x86_64.whl", hash = "sha256:6a520b4f9974b0a0a6ed73c2154de57cdfd0c8800f4f15ab2b73238ffed0b36e"},
    {file = "lxml-5.2.2-pp39-pypy39_pp73-manylinux_2_28_aarch64.whl", hash = "sha256:5e097646944b66207023bc3c634827de858aebc226d5d4d6d16f0b77566ea182"},
    {file = "lxml-5.2.2-pp39-pypy39_pp73-manylinux_2_28_x86_64.whl", hash = "sha256:b5e4ef22ff25bfd4ede5f8fb30f7b24446345f3e79d9b7455aef2836437bc38a"},
    {file = "lxml-5.2.2-pp39-pypy39_pp73-win_amd64.whl", hash = "sha256:ff69a9a0b4b17d78170c73abe2ab12084bdf1691550c5629ad1fe7849433f324"},
    {file = "lxml-5.2.2.tar.gz", hash = "sha256:bb2dc4898180bea79863d5487e5f9c7c34297414bad54bcd0f0852aee9cfdb87"},
]

[[package]]
name = "openstep-plist"
version = "0.3.1"
requires_python = ">=3.8"
summary = "ASCII plist parser written in Cython"
groups = ["default"]
files = [
    {file = "openstep_plist-0.3.1-cp310-cp310-macosx_10_9_universal2.whl", hash = "sha256:6211106541340608c2a0850f665371739b5fd41348f2d109f2abdb92fcb15e5d"},
    {file = "openstep_plist-0.3.1-cp310-cp310-macosx_10_9_x86_64.whl", hash = "sha256:4be487a25c7e72e7672006222cea0fde9a76c421efb2801d066188ecc3ff87f0"},
    {file = "openstep_plist-0.3.1-cp310-cp310-manylinux_2_17_aarch64.manylinux2014_aarch64.whl", hash = "sha256:6dd07d2a36d89af15b372de601cb267d08f63f17ba37d34633eb2f51be0493e7"},
    {file = "openstep_plist-0.3.1-cp310-cp310-manylinux_2_17_x86_64.manylinux2014_x86_64.whl", hash = "sha256:3fcae08bfca32bcb809f78cea200479c172938a47b47ba7ca829fe85b9bb17d4"},
    {file = "openstep_plist-0.3.1-cp310-cp310-musllinux_1_1_x86_64.whl", hash = "sha256:d6b8a21b3591b5ce144ddd85ac8b8f7e9e700a4f9646878d1d6aaf1bac1f4da4"},
    {file = "openstep_plist-0.3.1-cp310-cp310-win_amd64.whl", hash = "sha256:327da3f2abc21dfd25032c6366a9c61ebd62c37996cc72ab55598ce4596fe7a4"},
    {file = "openstep_plist-0.3.1-pp310-pypy310_pp73-macosx_10_9_x86_64.whl", hash = "sha256:d2bab4d9accbd02effbbd8ce8368b2079394906f3e7fca6becf89f705b377e7e"},
    {file = "openstep_plist-0.3.1-pp310-pypy310_pp73-manylinux_2_17_x86_64.manylinux2014_x86_64.whl", hash = "sha256:f42aabb55804c947ccaa424608be8f63338be2f61acc26bf925788f0053cadb7"},
    {file = "openstep_plist-0.3.1-pp38-pypy38_pp73-macosx_10_9_x86_64.whl", hash = "sha256:10c4a2278634ba952596b7172416f5e883bb8850fa4f7cf5442826028956ad05"},
    {file = "openstep_plist-0.3.1-pp38-pypy38_pp73-manylinux_2_17_x86_64.manylinux2014_x86_64.whl", hash = "sha256:765a8d2ff2e4d44911d90b800129ae0cc2636a1ce2b73ef0a63f587784b53893"},
    {file = "openstep_plist-0.3.1-pp39-pypy39_pp73-macosx_10_9_x86_64.whl", hash = "sha256:0709d000908b7dc4cc18d98bb5d3a80a3ff7d94fc50c55a546c16a73ac3f6bf0"},
    {file = "openstep_plist-0.3.1-pp39-pypy39_pp73-manylinux_2_17_x86_64.manylinux2014_x86_64.whl", hash = "sha256:af9df00410da6a3f0480e389165ffceda569aeb4d948153404d1ee67761b3d9b"},
    {file = "openstep_plist-0.3.1.tar.gz", hash = "sha256:02eead68efb9eceb2de2c95397073ce80fc89855d97ab65169bd92fc4368e4f2"},
]

[[package]]
name = "opentype-sanitizer"
version = "9.1.0"
summary = "Python wrapper for the OpenType Sanitizer"
groups = ["default"]
files = [
    {file = "opentype-sanitizer-9.1.0.tar.gz", hash = "sha256:d5975df9e4440a299997c2fc082926ee90a33744da7d2b1ce62d98ebfa07f3c2"},
    {file = "opentype_sanitizer-9.1.0-py2.py3-none-macosx_10_9_universal2.whl", hash = "sha256:c7aaabd2aef9f814217c39261fcb37fba5ad0406097a1af388aeeffb470d95e5"},
    {file = "opentype_sanitizer-9.1.0-py2.py3-none-macosx_10_9_x86_64.whl", hash = "sha256:ad4f0b157227235de164fd4b463cfd947e329ac9f217a0764fb151de517d30b0"},
    {file = "opentype_sanitizer-9.1.0-py2.py3-none-manylinux_2_17_x86_64.manylinux2014_x86_64.whl", hash = "sha256:1479d3e12e33adedafe5a4b4d81b91e7f13e860f2078c4041857dccd21c89d66"},
    {file = "opentype_sanitizer-9.1.0-py2.py3-none-musllinux_1_1_x86_64.whl", hash = "sha256:6f9d17dbb2ca17e367f15d07ef9d9bae661e0afee8ae1991cac114f0e770eb7a"},
    {file = "opentype_sanitizer-9.1.0-py2.py3-none-win32.whl", hash = "sha256:73c1fca923edd18f6eca5c01a686f964313c9bdb23d9992c9f2102923a7f831b"},
    {file = "opentype_sanitizer-9.1.0-py2.py3-none-win_amd64.whl", hash = "sha256:9b31af91eb8b8ce088fe69fae8d684f0221abbf4157741f2c149b9e297103576"},
]

[[package]]
name = "pcpp"
version = "1.30"
summary = "A C99 preprocessor written in pure Python"
groups = ["default"]
files = [
    {file = "pcpp-1.30-py2.py3-none-any.whl", hash = "sha256:05fe08292b6da57f385001c891a87f40d6aa7f46787b03e8ba326d20a3297c6e"},
    {file = "pcpp-1.30.tar.gz", hash = "sha256:5af9fbce55f136d7931ae915fae03c34030a3b36c496e72d9636cedc8e2543a1"},
]

[[package]]
name = "protobuf"
version = "3.20.3"
requires_python = ">=3.7"
summary = "Protocol Buffers"
groups = ["default"]
files = [
    {file = "protobuf-3.20.3-cp310-cp310-manylinux2014_aarch64.whl", hash = "sha256:f4bd856d702e5b0d96a00ec6b307b0f51c1982c2bf9c0052cf9019e9a544ba99"},
    {file = "protobuf-3.20.3-cp310-cp310-manylinux_2_12_x86_64.manylinux2010_x86_64.whl", hash = "sha256:9aae4406ea63d825636cc11ffb34ad3379335803216ee3a856787bcf5ccc751e"},
    {file = "protobuf-3.20.3-cp310-cp310-win32.whl", hash = "sha256:28545383d61f55b57cf4df63eebd9827754fd2dc25f80c5253f9184235db242c"},
    {file = "protobuf-3.20.3-cp310-cp310-win_amd64.whl", hash = "sha256:67a3598f0a2dcbc58d02dd1928544e7d88f764b47d4a286202913f0b2801c2e7"},
    {file = "protobuf-3.20.3-py2.py3-none-any.whl", hash = "sha256:a7ca6d488aa8ff7f329d4c545b2dbad8ac31464f1d8b1c87ad1346717731e4db"},
    {file = "protobuf-3.20.3.tar.gz", hash = "sha256:2e3427429c9cffebf259491be0af70189607f365c2f41c7c3764af6f337105f2"},
]

[[package]]
name = "pyclipper"
version = "1.3.0.post5"
summary = "Cython wrapper for the C++ translation of the Angus Johnson's Clipper library (ver. 6.4.2)"
groups = ["default"]
files = [
    {file = "pyclipper-1.3.0.post5-cp310-cp310-macosx_10_9_universal2.whl", hash = "sha256:3c45f99b8180dd4df4c86642657ca92b7d5289a5e3724521822e0f9461961fe2"},
    {file = "pyclipper-1.3.0.post5-cp310-cp310-macosx_10_9_x86_64.whl", hash = "sha256:567ffd419a0bdc3727fa4562cfa1f18484691817a2bc0bc675750aa28ed98bd4"},
    {file = "pyclipper-1.3.0.post5-cp310-cp310-manylinux_2_12_x86_64.manylinux2010_x86_64.whl", hash = "sha256:59c8c75661a6d87e98b1655851578a2917d3c8859912c9a4f1956b9830940fd9"},
    {file = "pyclipper-1.3.0.post5-cp310-cp310-manylinux_2_17_aarch64.manylinux2014_aarch64.whl", hash = "sha256:a496efa146d2d88b59350021739e4685e439dc569b6654e9e6d5e42e9a0b1666"},
    {file = "pyclipper-1.3.0.post5-cp310-cp310-win32.whl", hash = "sha256:02a98d09af9b60bcf8e9480d153c0839e20b92689f5602f87242a4933842fecd"},
    {file = "pyclipper-1.3.0.post5-cp310-cp310-win_amd64.whl", hash = "sha256:847f1e2fc3994bb498fe675f55c98129b95dc26a5c92304ba4cf0ab40721ea3d"},
    {file = "pyclipper-1.3.0.post5-pp37-pypy37_pp73-manylinux_2_12_x86_64.manylinux2010_x86_64.whl", hash = "sha256:da30e59c684eea198f6e19244e9a41e855a23a416cc708821fd4eb8f5f18626c"},
    {file = "pyclipper-1.3.0.post5-pp38-pypy38_pp73-manylinux_2_12_x86_64.manylinux2010_x86_64.whl", hash = "sha256:d8a9e3e46aa50e4c3667db9a816d59ae4f9c62b05f997abb8a9b3f3afe6d94a4"},
    {file = "pyclipper-1.3.0.post5-pp39-pypy39_pp73-manylinux_2_17_x86_64.manylinux2014_x86_64.whl", hash = "sha256:0589b80f2da1ad322345a93c053b5d46dc692def5a188351be01f34bcf041218"},
    {file = "pyclipper-1.3.0.post5.tar.gz", hash = "sha256:c0239f928e0bf78a3efc2f2f615a10bfcdb9f33012d46d64c8d1225b4bde7096"},
]

[[package]]
name = "pyyaml"
version = "6.0.1"
requires_python = ">=3.6"
summary = "YAML parser and emitter for Python"
groups = ["default"]
files = [
    {file = "PyYAML-6.0.1-cp310-cp310-macosx_10_9_x86_64.whl", hash = "sha256:d858aa552c999bc8a8d57426ed01e40bef403cd8ccdd0fc5f6f04a00414cac2a"},
    {file = "PyYAML-6.0.1-cp310-cp310-macosx_11_0_arm64.whl", hash = "sha256:fd66fc5d0da6d9815ba2cebeb4205f95818ff4b79c3ebe268e75d961704af52f"},
    {file = "PyYAML-6.0.1-cp310-cp310-manylinux_2_17_aarch64.manylinux2014_aarch64.whl", hash = "sha256:69b023b2b4daa7548bcfbd4aa3da05b3a74b772db9e23b982788168117739938"},
    {file = "PyYAML-6.0.1-cp310-cp310-manylinux_2_17_s390x.manylinux2014_s390x.whl", hash = "sha256:81e0b275a9ecc9c0c0c07b4b90ba548307583c125f54d5b6946cfee6360c733d"},
    {file = "PyYAML-6.0.1-cp310-cp310-manylinux_2_17_x86_64.manylinux2014_x86_64.whl", hash = "sha256:ba336e390cd8e4d1739f42dfe9bb83a3cc2e80f567d8805e11b46f4a943f5515"},
    {file = "PyYAML-6.0.1-cp310-cp310-musllinux_1_1_x86_64.whl", hash = "sha256:326c013efe8048858a6d312ddd31d56e468118ad4cdeda36c719bf5bb6192290"},
    {file = "PyYAML-6.0.1-cp310-cp310-win32.whl", hash = "sha256:bd4af7373a854424dabd882decdc5579653d7868b8fb26dc7d0e99f823aa5924"},
    {file = "PyYAML-6.0.1-cp310-cp310-win_amd64.whl", hash = "sha256:fd1592b3fdf65fff2ad0004b5e363300ef59ced41c2e6b3a99d4089fa8c5435d"},
    {file = "PyYAML-6.0.1.tar.gz", hash = "sha256:bfdf460b1736c775f2ba9f6a92bca30bc2095067b8a9d77876d1fad6cc3b4a43"},
]

[[package]]
name = "requests"
version = "2.32.3"
requires_python = ">=3.8"
summary = "Python HTTP for Humans."
groups = ["default"]
dependencies = [
    "certifi>=2017.4.17",
    "charset-normalizer<4,>=2",
    "idna<4,>=2.5",
    "urllib3<3,>=1.21.1",
]
files = [
    {file = "requests-2.32.3-py3-none-any.whl", hash = "sha256:70761cfe03c773ceb22aa2f671b4757976145175cdfca038c02654d061d6dcc6"},
    {file = "requests-2.32.3.tar.gz", hash = "sha256:55365417734eb18255590a9ff9eb97e9e1da868d4ccd6402399eaf68af20a760"},
]

[[package]]
name = "setuptools"
version = "70.0.0"
requires_python = ">=3.8"
summary = "Easily download, build, install, upgrade, and uninstall Python packages"
groups = ["default"]
files = [
    {file = "setuptools-70.0.0-py3-none-any.whl", hash = "sha256:54faa7f2e8d2d11bcd2c07bed282eef1046b5c080d1c32add737d7b5817b1ad4"},
    {file = "setuptools-70.0.0.tar.gz", hash = "sha256:f211a66637b8fa059bb28183da127d4e86396c991a942b028c6650d4319c3fd0"},
]

[[package]]
name = "six"
version = "1.16.0"
requires_python = ">=2.7, !=3.0.*, !=3.1.*, !=3.2.*"
summary = "Python 2 and 3 compatibility utilities"
groups = ["default"]
files = [
    {file = "six-1.16.0-py2.py3-none-any.whl", hash = "sha256:8abb2f1d86890a2dfb989f9a77cfcfd3e47c2a354b01111771326f8aa26e0254"},
    {file = "six-1.16.0.tar.gz", hash = "sha256:1e61c37477a1626458e36f7b1d82aa5c9b094fa4802892072e49de9c60c4c926"},
]

[[package]]
name = "skia-pathops"
version = "0.8.0.post1"
requires_python = ">=3.8"
summary = "Python access to operations on paths using the Skia library"
groups = ["default"]
files = [
    {file = "skia-pathops-0.8.0.post1.zip", hash = "sha256:a056249de2f61fa55116b9ee55513c6a36b878aee00c91450e404d1606485cbb"},
    {file = "skia_pathops-0.8.0.post1-cp310-cp310-macosx_10_9_universal2.whl", hash = "sha256:952a03a19e687caa341ce6966eac03b167de8faea48574d3cf4bb758c2cefcfb"},
    {file = "skia_pathops-0.8.0.post1-cp310-cp310-macosx_10_9_x86_64.whl", hash = "sha256:003efdbbc4400fffba00e0f9523b6b762269d7e257a6ad45cefbe4844fe04e4a"},
    {file = "skia_pathops-0.8.0.post1-cp310-cp310-manylinux_2_17_aarch64.manylinux2014_aarch64.whl", hash = "sha256:77e8b60380a94bc277a50177f70392646e0cce83c5c8fa8ab5817d813eef0224"},
    {file = "skia_pathops-0.8.0.post1-cp310-cp310-manylinux_2_17_x86_64.manylinux2014_x86_64.whl", hash = "sha256:8d7b3361338f80bea1529698c2c66df1bdffc89339b90257d9a8e8e1cbda7f2c"},
    {file = "skia_pathops-0.8.0.post1-cp310-cp310-musllinux_1_1_x86_64.whl", hash = "sha256:8ccd03685b08e2ba7e65005911f0eac224eec3eabff18f9aeb8d757188dc5cbb"},
    {file = "skia_pathops-0.8.0.post1-cp310-cp310-win32.whl", hash = "sha256:e273b565544b801219bbea6b32c5b1f3f9c2ce4f43870700a859174aa1f6564b"},
    {file = "skia_pathops-0.8.0.post1-cp310-cp310-win_amd64.whl", hash = "sha256:35b3f990e9f0fc861e962b9bca959ab0de68c095959e0dccc21d7e5076141c12"},
    {file = "skia_pathops-0.8.0.post1-pp310-pypy310_pp73-manylinux_2_17_x86_64.manylinux2014_x86_64.whl", hash = "sha256:2c5b66e5644a4f791e3b1fb1e78559130c042f15f744bc1867c18f9268aafab3"},
    {file = "skia_pathops-0.8.0.post1-pp38-pypy38_pp73-manylinux_2_17_x86_64.manylinux2014_x86_64.whl", hash = "sha256:2d48fd852f3ac7e30f6221ff93e0cfb8593ea897027fd6b36987479eb406fb22"},
    {file = "skia_pathops-0.8.0.post1-pp39-pypy39_pp73-manylinux_2_17_x86_64.manylinux2014_x86_64.whl", hash = "sha256:ed911ba99e2113574b6314d424696e6e302d427c65136ff8df14359bacb794c7"},
]

[[package]]
name = "ufo2ft"
version = "3.2.4"
requires_python = ">=3.8"
summary = "A bridge between UFOs and FontTools."
groups = ["default"]
dependencies = [
    "booleanOperations>=0.9.0",
    "cffsubr>=0.3.0",
    "fontMath>=0.9.3",
    "fonttools[ufo]>=4.50.0",
]
files = [
    {file = "ufo2ft-3.2.4-py2.py3-none-any.whl", hash = "sha256:61befc53d0d92aefddd84e16ec3bc5663a9022d274ae12eff8aeec4edf429da0"},
    {file = "ufo2ft-3.2.4.tar.gz", hash = "sha256:2e4ad828444f26b2ac580627949265c9b372f7727eb92b5a1efdf98dc6694eb5"},
]

[[package]]
name = "ufo2ft"
version = "3.2.4"
extras = ["pathops"]
requires_python = ">=3.8"
summary = "A bridge between UFOs and FontTools."
groups = ["default"]
dependencies = [
    "skia-pathops>=0.8.0",
    "ufo2ft==3.2.4",
]
files = [
    {file = "ufo2ft-3.2.4-py2.py3-none-any.whl", hash = "sha256:61befc53d0d92aefddd84e16ec3bc5663a9022d274ae12eff8aeec4edf429da0"},
    {file = "ufo2ft-3.2.4.tar.gz", hash = "sha256:2e4ad828444f26b2ac580627949265c9b372f7727eb92b5a1efdf98dc6694eb5"},
]

[[package]]
name = "ufolib2"
version = "0.16.0"
requires_python = ">=3.7"
summary = "ufoLib2 is a UFO font processing library."
groups = ["default"]
dependencies = [
    "attrs>=22.1.0",
    "fonttools[ufo]>=4.0.0",
]
files = [
    {file = "ufoLib2-0.16.0-py3-none-any.whl", hash = "sha256:9ade4c8b6484d59410c1548508514d4298d97c88ad9e657617743528e36e260c"},
    {file = "ufoLib2-0.16.0.tar.gz", hash = "sha256:49f0dc7f72ccacfe7faefe0d53d37971d45664d8b0563ef36956fa7bfa55a2bd"},
]

[[package]]
name = "unicodedata2"
version = "15.1.0"
summary = "Unicodedata backport updated to the latest Unicode version."
groups = ["default"]
files = [
    {file = "unicodedata2-15.1.0-cp310-cp310-macosx_10_9_universal2.whl", hash = "sha256:610c7be5a2c6e2809b0dc16134aa156be98f56f1cd50a6ce424854e6c270e360"},
    {file = "unicodedata2-15.1.0-cp310-cp310-macosx_10_9_x86_64.whl", hash = "sha256:e44792a9f5b51b03d66b99e231318fc2db2253a7035976e8653020641d03e030"},
    {file = "unicodedata2-15.1.0-cp310-cp310-manylinux_2_17_aarch64.manylinux2014_aarch64.whl", hash = "sha256:1b579d1c0fb417513566e2ffb605dd4f65d7952333633b55db9a1a611c16228b"},
    {file = "unicodedata2-15.1.0-cp310-cp310-manylinux_2_17_x86_64.manylinux2014_x86_64.whl", hash = "sha256:8e383b14c3c7c2e108d7ed20bbef2937672ff0cb2df6a8855b0490a8b35852eb"},
    {file = "unicodedata2-15.1.0-cp310-cp310-musllinux_1_1_aarch64.whl", hash = "sha256:963fb9a95326b3e838d56b41eaa38c0dad7aeeacc62fdd42e7742a73b890e404"},
    {file = "unicodedata2-15.1.0-cp310-cp310-musllinux_1_1_x86_64.whl", hash = "sha256:aa4d21514f2eea30fee201a4d3ba71d9545a1c70138c20227b515a0d005534ce"},
    {file = "unicodedata2-15.1.0-cp310-cp310-win32.whl", hash = "sha256:50ac07edfca3c99d41838276283bef28f3f6c92bf38209961b179d90da40f4b8"},
    {file = "unicodedata2-15.1.0-cp310-cp310-win_amd64.whl", hash = "sha256:68cd89e97b1c2218b71a2e0d76102b49242dbb3d06f89d86c78753857cc19cd7"},
    {file = "unicodedata2-15.1.0-pp310-pypy310_pp73-macosx_10_9_x86_64.whl", hash = "sha256:b257526804b1716050a37737095671cff8ac5ed84170a43f062ae50eb5f90af1"},
    {file = "unicodedata2-15.1.0-pp310-pypy310_pp73-manylinux_2_17_x86_64.manylinux2014_x86_64.whl", hash = "sha256:bc0c0af9079a3c3704d32461f1d7e2ba36f40f4539d23efecd4d47a37b937168"},
    {file = "unicodedata2-15.1.0-pp310-pypy310_pp73-win_amd64.whl", hash = "sha256:38d0804cf4c10a5008eb08d6f808bcc43dec93de923dca4a773ad84d4e9f916c"},
    {file = "unicodedata2-15.1.0-pp37-pypy37_pp73-macosx_10_9_x86_64.whl", hash = "sha256:a4ec53ff508a3356fc82353129f84da299f7c88c07e42111ab5379f54e7b8096"},
    {file = "unicodedata2-15.1.0-pp37-pypy37_pp73-manylinux_2_17_x86_64.manylinux2014_x86_64.whl", hash = "sha256:f5ea236de539dd4684855392fb859454e0cbfdacb883851d23efa9f7e4613c05"},
    {file = "unicodedata2-15.1.0-pp37-pypy37_pp73-win_amd64.whl", hash = "sha256:69b3e508b588e7f6e216abd30c6472042d004bfd861c7943bad030166fc2b0e8"},
    {file = "unicodedata2-15.1.0-pp38-pypy38_pp73-macosx_10_9_x86_64.whl", hash = "sha256:4cbffb1ed0a90ad266c898ec0f0c64de4bacac3225e4e36dab7b59061daaced7"},
    {file = "unicodedata2-15.1.0-pp38-pypy38_pp73-manylinux_2_17_x86_64.manylinux2014_x86_64.whl", hash = "sha256:b58dd58e76bd5a66bb2b8a8929b7ccb8226872693aa95053e2ed9b0455c22baf"},
    {file = "unicodedata2-15.1.0-pp38-pypy38_pp73-win_amd64.whl", hash = "sha256:fc9c76e6cb079254f75fb24c6876cc2b94a882d9cf1437521621b5e1688375f6"},
    {file = "unicodedata2-15.1.0-pp39-pypy39_pp73-macosx_10_9_x86_64.whl", hash = "sha256:df64286293960551e120dfd0ac8c618c1060f08b8f69359a54ede950d26eba06"},
    {file = "unicodedata2-15.1.0-pp39-pypy39_pp73-manylinux_2_17_x86_64.manylinux2014_x86_64.whl", hash = "sha256:010ea7cfbe445765605d24a16c0ef3fd7776f85cfb8e097c1458517cc8f84bd9"},
    {file = "unicodedata2-15.1.0-pp39-pypy39_pp73-win_amd64.whl", hash = "sha256:584ef92721c7379ef4e84fecb6aab1264d3ccfc174692d9a2a6bb017f90305f3"},
    {file = "unicodedata2-15.1.0.tar.gz", hash = "sha256:cb30f189ad66482f8529a45da71b2a8841e9bd2bb376cc2933003a4a55a07648"},
]

[[package]]
name = "urllib3"
version = "2.2.1"
requires_python = ">=3.8"
summary = "HTTP library with thread-safe connection pooling, file post, and more."
groups = ["default"]
files = [
    {file = "urllib3-2.2.1-py3-none-any.whl", hash = "sha256:450b20ec296a467077128bff42b73080516e71b56ff59a60a02bef2232c4fa9d"},
    {file = "urllib3-2.2.1.tar.gz", hash = "sha256:d0570876c61ab9e520d776c38acbbb5b05a776d3f9ff98a5c8fd5162a444cf19"},
]
